
Microsoft Visual Studio Solution File, Format Version 12.00
# Visual Studio 15
VisualStudioVersion = 15.0.27130.2003
MinimumVisualStudioVersion = 10.0.40219.1
Project("{FAE04EC0-301F-11D3-BF4B-00C04F79EFBC}") = "TS3Dump", "TS3Dump\TS3Dump.csproj", "{64835FBD-D8A3-4C92-8DF2-9C017782CAA6}"
EndProject
Global
	GlobalSection(SolutionConfigurationPlatforms) = preSolution
		Debug|Any CPU = Debug|Any CPU
		Release|Any CPU = Release|Any CPU
	EndGlobalSection
	GlobalSection(ProjectConfigurationPlatforms) = postSolution
		{64835FBD-D8A3-4C92-8DF2-9C017782CAA6}.Debug|Any CPU.ActiveCfg = Debug|Any CPU
		{64835FBD-D8A3-4C92-8DF2-9C017782CAA6}.Debug|Any CPU.Build.0 = Debug|Any CPU
		{64835FBD-D8A3-4C92-8DF2-9C017782CAA6}.Release|Any CPU.ActiveCfg = Release|Any CPU
		{64835FBD-D8A3-4C92-8DF2-9C017782CAA6}.Release|Any CPU.Build.0 = Release|Any CPU
	EndGlobalSection
	GlobalSection(SolutionProperties) = preSolution
		HideSolutionNode = FALSE
	EndGlobalSection
	GlobalSection(ExtensibilityGlobals) = postSolution
		SolutionGuid = {3392DB17-1E4C-4F2D-9CEB-92E66491A58F}
	EndGlobalSection
EndGlobal
